
Microsoft Visual Studio Solution File, Format Version 12.00
# Visual Studio Version 17
VisualStudioVersion = 17.14.37012.4 d17.14
MinimumVisualStudioVersion = 10.0.40219.1
Project("{8BC9CEB8-8B4A-11D0-8D11-00A0C91BC942}") = "Cpp-Library-Collection", "Cpp-Library-Collection\Cpp-Library-Collection.vcxproj", "{9225194D-7B9A-47C4-8139-CBB662038D52}"
EndProject
Project("{2150E333-8FDC-42A3-9474-1A3956D46DE8}") = "Lib", "Lib", "{02EA681E-C7D8-13C7-8484-4AC65E1B71E8}"
	ProjectSection(SolutionItems) = preProject
		Cpp-Library-Collection\Date.h = Cpp-Library-Collection\Date.h
		Cpp-Library-Collection\InputValidate.h = Cpp-Library-Collection\InputValidate.h
		Cpp-Library-Collection\Period.h = Cpp-Library-Collection\Period.h
		Cpp-Library-Collection\String.h = Cpp-Library-Collection\String.h
		Cpp-Library-Collection\Util.h = Cpp-Library-Collection\Util.h
	EndProjectSection
EndProject
Global
	GlobalSection(SolutionConfigurationPlatforms) = preSolution
		Debug|x64 = Debug|x64
		Debug|x86 = Debug|x86
		Release|x64 = Release|x64
		Release|x86 = Release|x86
	EndGlobalSection
	GlobalSection(ProjectConfigurationPlatforms) = postSolution
		{9225194D-7B9A-47C4-8139-CBB662038D52}.Debug|x64.ActiveCfg = Debug|x64
		{9225194D-7B9A-47C4-8139-CBB662038D52}.Debug|x64.Build.0 = Debug|x64
		{9225194D-7B9A-47C4-8139-CBB662038D52}.Debug|x86.ActiveCfg = Debug|Win32
		{9225194D-7B9A-47C4-8139-CBB662038D52}.Debug|x86.Build.0 = Debug|Win32
		{9225194D-7B9A-47C4-8139-CBB662038D52}.Release|x64.ActiveCfg = Release|x64
		{9225194D-7B9A-47C4-8139-CBB662038D52}.Release|x64.Build.0 = Release|x64
		{9225194D-7B9A-47C4-8139-CBB662038D52}.Release|x86.ActiveCfg = Release|Win32
		{9225194D-7B9A-47C4-8139-CBB662038D52}.Release|x86.Build.0 = Release|Win32
	EndGlobalSection
	GlobalSection(SolutionProperties) = preSolution
		HideSolutionNode = FALSE
	EndGlobalSection
	GlobalSection(NestedProjects) = preSolution
		{9225194D-7B9A-47C4-8139-CBB662038D52} = {02EA681E-C7D8-13C7-8484-4AC65E1B71E8}
	EndGlobalSection
	GlobalSection(ExtensibilityGlobals) = postSolution
		SolutionGuid = {D1320732-685B-42D9-82D9-45B050A273DB}
	EndGlobalSection
EndGlobal
